
Microsoft Visual Studio Solution File, Format Version 12.00
# Visual Studio 14
VisualStudioVersion = 14.0.25420.1
MinimumVisualStudioVersion = 10.0.40219.1
Project("{FAE04EC0-301F-11D3-BF4B-00C04F79EFBC}") = "DDD-CQRS-Sample.UI", DDD-CQRS-Sample\DDD-CQRS-Sample.UI.csproj", "{EA3DD204-04F6-465C-94B2-2C47E2DB7F36}"
EndProject
Project("{2150E333-8FDC-42A3-9474-1A3956D46DE8}") = "Server", "Server", "{F2C2AC6A-C7C9-4183-8D1D-0AE4769FB93B}"
EndProject
Project("{2150E333-8FDC-42A3-9474-1A3956D46DE8}") = "Complex Domain", "Complex Domain", "{F03A00B7-1696-4D03-8FE8-3A9C69A95AAC}"
EndProject
Project("{2150E333-8FDC-42A3-9474-1A3956D46DE8}") = "Core", "Core", "{D138407F-E1C6-41B2-B9D6-FB003386C443}"
EndProject
Project("{2150E333-8FDC-42A3-9474-1A3956D46DE8}") = "Inscrição", "Inscrição", "{514231E4-2FB8-48D3-ABD2-D345BAEE162E}"
EndProject
Project("{2150E333-8FDC-42A3-9474-1A3956D46DE8}") = "Cadastro", "Cadastro", "{FD482D10-ED4B-45CB-B0CF-DBADE3974D6E}"
EndProject
Project("{FAE04EC0-301F-11D3-BF4B-00C04F79EFBC}") = "Core.Domain", "Core.Domain\Core.Domain.csproj", "{17D9739F-8EAF-4BCE-AEE2-5FF362444D65}"
EndProject
Project("{FAE04EC0-301F-11D3-BF4B-00C04F79EFBC}") = "Core.Infra", "Core.Infra\Core.Infra.csproj", "{9F5E0D15-98A8-43B4-A746-449A105C62D5}"
EndProject
Project("{FAE04EC0-301F-11D3-BF4B-00C04F79EFBC}") = "Cadastro.Domain", "Domain\Cadastro.Domain.csproj", "{D4959ABF-A600-4AAE-ABAA-4BCF674AD116}"
EndProject
Project("{2150E333-8FDC-42A3-9474-1A3956D46DE8}") = "Domain", "Domain", "{4B2B6D09-6145-4B2B-9F5D-DE6669AABD62}"
EndProject
Project("{2150E333-8FDC-42A3-9474-1A3956D46DE8}") = "Infra", "Infra", "{E7F9AA76-26E5-4936-8061-45C69DCCE086}"
EndProject
Project("{FAE04EC0-301F-11D3-BF4B-00C04F79EFBC}") = "Cadastro.Infra.Ioc", "Cadastro.Infra.Ioc\Cadastro.Infra.Ioc.csproj", "{BDE9B7B0-3417-44D2-AD49-0E9E0EC01120}"
EndProject
Project("{FAE04EC0-301F-11D3-BF4B-00C04F79EFBC}") = "Cadastro.Domain.Tests", "Cadastro.Domain.Tests\Cadastro.Domain.Tests.csproj", "{C34266C9-CBF5-4350-BC43-1BC1D468EC05}"
EndProject
Project("{2150E333-8FDC-42A3-9474-1A3956D46DE8}") = "Data", "Data", "{2A4BD0BA-B444-4E3C-93DE-045957B6E1F9}"
EndProject
Project("{FAE04EC0-301F-11D3-BF4B-00C04F79EFBC}") = "Cadastro.Data", "Cadastro.Data\Cadastro.Data.csproj", "{A0B5D131-03AE-44A6-B97B-9C7C07968769}"
EndProject
Project("{2150E333-8FDC-42A3-9474-1A3956D46DE8}") = "CQRS", "CQRS", "{FA0135F0-C539-4DAC-B6E8-1322D5278CBF}"
EndProject
Project("{FAE04EC0-301F-11D3-BF4B-00C04F79EFBC}") = "Cadastro.CQRS.CommandStack", "Cadastro.CQRS.CommandStack\Cadastro.CQRS.CommandStack.csproj", "{8EF64FC1-A8BA-48B7-8263-940B23E9C90C}"
EndProject
Project("{FAE04EC0-301F-11D3-BF4B-00C04F79EFBC}") = "Cadastro.CQRS.QueryStack", "Cadastro.CQRS.QueryStack\Cadastro.CQRS.QueryStack.csproj", "{15D6FE4C-65A4-4C6C-80C6-68803704EAED}"
EndProject
Project("{2150E333-8FDC-42A3-9474-1A3956D46DE8}") = "Application", "Application", "{1595E420-1EB4-4249-AB02-41A37463F733}"
EndProject
Project("{FAE04EC0-301F-11D3-BF4B-00C04F79EFBC}") = "Cadastro.Application", "Cadastro.Application\Cadastro.Application.csproj", "{F7497095-8827-4B42-A8D6-4274E9543410}"
EndProject
Global
	GlobalSection(SolutionConfigurationPlatforms) = preSolution
		Debug|Any CPU = Debug|Any CPU
		Release|Any CPU = Release|Any CPU
	EndGlobalSection
	GlobalSection(ProjectConfigurationPlatforms) = postSolution
		{EA3DD204-04F6-465C-94B2-2C47E2DB7F36}.Debug|Any CPU.ActiveCfg = Debug|Any CPU
		{EA3DD204-04F6-465C-94B2-2C47E2DB7F36}.Debug|Any CPU.Build.0 = Debug|Any CPU
		{EA3DD204-04F6-465C-94B2-2C47E2DB7F36}.Release|Any CPU.ActiveCfg = Release|Any CPU
		{EA3DD204-04F6-465C-94B2-2C47E2DB7F36}.Release|Any CPU.Build.0 = Release|Any CPU
		{17D9739F-8EAF-4BCE-AEE2-5FF362444D65}.Debug|Any CPU.ActiveCfg = Debug|Any CPU
		{17D9739F-8EAF-4BCE-AEE2-5FF362444D65}.Debug|Any CPU.Build.0 = Debug|Any CPU
		{17D9739F-8EAF-4BCE-AEE2-5FF362444D65}.Release|Any CPU.ActiveCfg = Release|Any CPU
		{17D9739F-8EAF-4BCE-AEE2-5FF362444D65}.Release|Any CPU.Build.0 = Release|Any CPU
		{9F5E0D15-98A8-43B4-A746-449A105C62D5}.Debug|Any CPU.ActiveCfg = Debug|Any CPU
		{9F5E0D15-98A8-43B4-A746-449A105C62D5}.Debug|Any CPU.Build.0 = Debug|Any CPU
		{9F5E0D15-98A8-43B4-A746-449A105C62D5}.Release|Any CPU.ActiveCfg = Release|Any CPU
		{9F5E0D15-98A8-43B4-A746-449A105C62D5}.Release|Any CPU.Build.0 = Release|Any CPU
		{D4959ABF-A600-4AAE-ABAA-4BCF674AD116}.Debug|Any CPU.ActiveCfg = Debug|Any CPU
		{D4959ABF-A600-4AAE-ABAA-4BCF674AD116}.Debug|Any CPU.Build.0 = Debug|Any CPU
		{D4959ABF-A600-4AAE-ABAA-4BCF674AD116}.Release|Any CPU.ActiveCfg = Release|Any CPU
		{D4959ABF-A600-4AAE-ABAA-4BCF674AD116}.Release|Any CPU.Build.0 = Release|Any CPU
		{BDE9B7B0-3417-44D2-AD49-0E9E0EC01120}.Debug|Any CPU.ActiveCfg = Debug|Any CPU
		{BDE9B7B0-3417-44D2-AD49-0E9E0EC01120}.Debug|Any CPU.Build.0 = Debug|Any CPU
		{BDE9B7B0-3417-44D2-AD49-0E9E0EC01120}.Release|Any CPU.ActiveCfg = Release|Any CPU
		{BDE9B7B0-3417-44D2-AD49-0E9E0EC01120}.Release|Any CPU.Build.0 = Release|Any CPU
		{C34266C9-CBF5-4350-BC43-1BC1D468EC05}.Debug|Any CPU.ActiveCfg = Debug|Any CPU
		{C34266C9-CBF5-4350-BC43-1BC1D468EC05}.Debug|Any CPU.Build.0 = Debug|Any CPU
		{C34266C9-CBF5-4350-BC43-1BC1D468EC05}.Release|Any CPU.ActiveCfg = Release|Any CPU
		{C34266C9-CBF5-4350-BC43-1BC1D468EC05}.Release|Any CPU.Build.0 = Release|Any CPU
		{A0B5D131-03AE-44A6-B97B-9C7C07968769}.Debug|Any CPU.ActiveCfg = Debug|Any CPU
		{A0B5D131-03AE-44A6-B97B-9C7C07968769}.Debug|Any CPU.Build.0 = Debug|Any CPU
		{A0B5D131-03AE-44A6-B97B-9C7C07968769}.Release|Any CPU.ActiveCfg = Release|Any CPU
		{A0B5D131-03AE-44A6-B97B-9C7C07968769}.Release|Any CPU.Build.0 = Release|Any CPU
		{8EF64FC1-A8BA-48B7-8263-940B23E9C90C}.Debug|Any CPU.ActiveCfg = Debug|Any CPU
		{8EF64FC1-A8BA-48B7-8263-940B23E9C90C}.Debug|Any CPU.Build.0 = Debug|Any CPU
		{8EF64FC1-A8BA-48B7-8263-940B23E9C90C}.Release|Any CPU.ActiveCfg = Release|Any CPU
		{8EF64FC1-A8BA-48B7-8263-940B23E9C90C}.Release|Any CPU.Build.0 = Release|Any CPU
		{15D6FE4C-65A4-4C6C-80C6-68803704EAED}.Debug|Any CPU.ActiveCfg = Debug|Any CPU
		{15D6FE4C-65A4-4C6C-80C6-68803704EAED}.Debug|Any CPU.Build.0 = Debug|Any CPU
		{15D6FE4C-65A4-4C6C-80C6-68803704EAED}.Release|Any CPU.ActiveCfg = Release|Any CPU
		{15D6FE4C-65A4-4C6C-80C6-68803704EAED}.Release|Any CPU.Build.0 = Release|Any CPU
		{F7497095-8827-4B42-A8D6-4274E9543410}.Debug|Any CPU.ActiveCfg = Debug|Any CPU
		{F7497095-8827-4B42-A8D6-4274E9543410}.Debug|Any CPU.Build.0 = Debug|Any CPU
		{F7497095-8827-4B42-A8D6-4274E9543410}.Release|Any CPU.ActiveCfg = Release|Any CPU
		{F7497095-8827-4B42-A8D6-4274E9543410}.Release|Any CPU.Build.0 = Release|Any CPU
	EndGlobalSection
	GlobalSection(SolutionProperties) = preSolution
		HideSolutionNode = FALSE
	EndGlobalSection
	GlobalSection(NestedProjects) = preSolution
		{EA3DD204-04F6-465C-94B2-2C47E2DB7F36} = {F2C2AC6A-C7C9-4183-8D1D-0AE4769FB93B}
		{D138407F-E1C6-41B2-B9D6-FB003386C443} = {F03A00B7-1696-4D03-8FE8-3A9C69A95AAC}
		{514231E4-2FB8-48D3-ABD2-D345BAEE162E} = {F03A00B7-1696-4D03-8FE8-3A9C69A95AAC}
		{FD482D10-ED4B-45CB-B0CF-DBADE3974D6E} = {F03A00B7-1696-4D03-8FE8-3A9C69A95AAC}
		{17D9739F-8EAF-4BCE-AEE2-5FF362444D65} = {D138407F-E1C6-41B2-B9D6-FB003386C443}
		{9F5E0D15-98A8-43B4-A746-449A105C62D5} = {D138407F-E1C6-41B2-B9D6-FB003386C443}
		{D4959ABF-A600-4AAE-ABAA-4BCF674AD116} = {4B2B6D09-6145-4B2B-9F5D-DE6669AABD62}
		{4B2B6D09-6145-4B2B-9F5D-DE6669AABD62} = {FD482D10-ED4B-45CB-B0CF-DBADE3974D6E}
		{E7F9AA76-26E5-4936-8061-45C69DCCE086} = {FD482D10-ED4B-45CB-B0CF-DBADE3974D6E}
		{BDE9B7B0-3417-44D2-AD49-0E9E0EC01120} = {E7F9AA76-26E5-4936-8061-45C69DCCE086}
		{C34266C9-CBF5-4350-BC43-1BC1D468EC05} = {4B2B6D09-6145-4B2B-9F5D-DE6669AABD62}
		{2A4BD0BA-B444-4E3C-93DE-045957B6E1F9} = {FD482D10-ED4B-45CB-B0CF-DBADE3974D6E}
		{A0B5D131-03AE-44A6-B97B-9C7C07968769} = {2A4BD0BA-B444-4E3C-93DE-045957B6E1F9}
		{FA0135F0-C539-4DAC-B6E8-1322D5278CBF} = {FD482D10-ED4B-45CB-B0CF-DBADE3974D6E}
		{8EF64FC1-A8BA-48B7-8263-940B23E9C90C} = {FA0135F0-C539-4DAC-B6E8-1322D5278CBF}
		{15D6FE4C-65A4-4C6C-80C6-68803704EAED} = {FA0135F0-C539-4DAC-B6E8-1322D5278CBF}
		{1595E420-1EB4-4249-AB02-41A37463F733} = {FD482D10-ED4B-45CB-B0CF-DBADE3974D6E}
		{F7497095-8827-4B42-A8D6-4274E9543410} = {1595E420-1EB4-4249-AB02-41A37463F733}
	EndGlobalSection
EndGlobal
